Microsoft Visual Studio Solution File, Format Version 12.00
# Visual Studio Version 17
VisualStudioVersion = 17.5.2.0
MinimumVisualStudioVersion = 10.0.40219.1
Project("{FAE04EC0-301F-11D3-BF4B-00C04F79EFBC}") = "DermaSmart.API", "DermaSmart.API.csproj", "{2410112D-95C9-BF53-4851-904E2443C79E}"
EndProject
Global
	GlobalSection(SolutionConfigurationPlatforms) = preSolution
		Debug|Any CPU = Debug|Any CPU
		Release|Any CPU = Release|Any CPU
	EndGlobalSection
	GlobalSection(ProjectConfigurationPlatforms) = postSolution
		{2410112D-95C9-BF53-4851-904E2443C79E}.Debug|Any CPU.ActiveCfg = Debug|Any CPU
		{2410112D-95C9-BF53-4851-904E2443C79E}.Debug|Any CPU.Build.0 = Debug|Any CPU
		{2410112D-95C9-BF53-4851-904E2443C79E}.Release|Any CPU.ActiveCfg = Release|Any CPU
		{2410112D-95C9-BF53-4851-904E2443C79E}.Release|Any CPU.Build.0 = Release|Any CPU
	EndGlobalSection
	GlobalSection(SolutionProperties) = preSolution
		HideSolutionNode = FALSE
	EndGlobalSection
	GlobalSection(ExtensibilityGlobals) = postSolution
		SolutionGuid = {BA84D7F2-FCEC-46E3-BF37-979CFA0A2486}
	EndGlobalSection
EndGlobal
